
Microsoft Visual Studio Solution File, Format Version 12.00
# Visual Studio Version 17
VisualStudioVersion = 17.5.002.0
MinimumVisualStudioVersion = 10.0.40219.1
Project("{9A19103F-16F7-4668-BE54-9A1E7A4F7556}") = "Metoderintro", "Metoderintro.csproj", "{9841C7F6-95DF-46BF-A227-6CB182D86535}"
EndProject
Global
	GlobalSection(SolutionConfigurationPlatforms) = preSolution
		Debug|Any CPU = Debug|Any CPU
		Release|Any CPU = Release|Any CPU
	EndGlobalSection
	GlobalSection(ProjectConfigurationPlatforms) = postSolution
		{9841C7F6-95DF-46BF-A227-6CB182D86535}.Debug|Any CPU.ActiveCfg = Debug|Any CPU
		{9841C7F6-95DF-46BF-A227-6CB182D86535}.Debug|Any CPU.Build.0 = Debug|Any CPU
		{9841C7F6-95DF-46BF-A227-6CB182D86535}.Release|Any CPU.ActiveCfg = Release|Any CPU
		{9841C7F6-95DF-46BF-A227-6CB182D86535}.Release|Any CPU.Build.0 = Release|Any CPU
	EndGlobalSection
	GlobalSection(SolutionProperties) = preSolution
		HideSolutionNode = FALSE
	EndGlobalSection
	GlobalSection(ExtensibilityGlobals) = postSolution
		SolutionGuid = {4002060D-7EB4-44F0-975B-75735BBB4DA7}
	EndGlobalSection
EndGlobal
