
Microsoft Visual Studio Solution File, Format Version 12.00
# Visual Studio Version 17
VisualStudioVersion = 17.5.002.0
MinimumVisualStudioVersion = 10.0.40219.1
Project("{9A19103F-16F7-4668-BE54-9A1E7A4F7556}") = "HelloWorld", "HelloWorld\HelloWorld.csproj", "{A20F19D9-D2CA-4A07-BDC7-5ED85FC1FC09}"
EndProject
Project("{2150E333-8FDC-42A3-9474-1A3956D46DE8}") = "HelloWorld (1)", "HelloWorld", "{04EC222D-F1DC-4250-B681-442178C1A81A}"
EndProject
Project("{2150E333-8FDC-42A3-9474-1A3956D46DE8}") = "Kapitel-1", "Kapitel-1", "{065530EC-4C7E-49CF-B2EE-5FDB84AE79A3}"
EndProject
Project("{9A19103F-16F7-4668-BE54-9A1E7A4F7556}") = "Registrering", "HelloWorld\Kapitel-1\Registrering\Registrering.csproj", "{C5C9CF70-D328-4FE8-A2D3-D719A9F58B9E}"
EndProject
Global
	GlobalSection(SolutionConfigurationPlatforms) = preSolution
		Debug|Any CPU = Debug|Any CPU
		Release|Any CPU = Release|Any CPU
	EndGlobalSection
	GlobalSection(ProjectConfigurationPlatforms) = postSolution
		{A20F19D9-D2CA-4A07-BDC7-5ED85FC1FC09}.Debug|Any CPU.ActiveCfg = Debug|Any CPU
		{A20F19D9-D2CA-4A07-BDC7-5ED85FC1FC09}.Debug|Any CPU.Build.0 = Debug|Any CPU
		{A20F19D9-D2CA-4A07-BDC7-5ED85FC1FC09}.Release|Any CPU.ActiveCfg = Release|Any CPU
		{A20F19D9-D2CA-4A07-BDC7-5ED85FC1FC09}.Release|Any CPU.Build.0 = Release|Any CPU
		{C5C9CF70-D328-4FE8-A2D3-D719A9F58B9E}.Debug|Any CPU.ActiveCfg = Debug|Any CPU
		{C5C9CF70-D328-4FE8-A2D3-D719A9F58B9E}.Debug|Any CPU.Build.0 = Debug|Any CPU
		{C5C9CF70-D328-4FE8-A2D3-D719A9F58B9E}.Release|Any CPU.ActiveCfg = Release|Any CPU
		{C5C9CF70-D328-4FE8-A2D3-D719A9F58B9E}.Release|Any CPU.Build.0 = Release|Any CPU
	EndGlobalSection
	GlobalSection(SolutionProperties) = preSolution
		HideSolutionNode = FALSE
	EndGlobalSection
	GlobalSection(NestedProjects) = preSolution
		{065530EC-4C7E-49CF-B2EE-5FDB84AE79A3} = {04EC222D-F1DC-4250-B681-442178C1A81A}
		{C5C9CF70-D328-4FE8-A2D3-D719A9F58B9E} = {065530EC-4C7E-49CF-B2EE-5FDB84AE79A3}
	EndGlobalSection
	GlobalSection(ExtensibilityGlobals) = postSolution
		SolutionGuid = {C26AD653-8B44-4593-B6DE-4A637DE53046}
	EndGlobalSection
EndGlobal
