
Microsoft Visual Studio Solution File, Format Version 12.00
# Visual Studio Version 17
VisualStudioVersion = 17.5.002.0
MinimumVisualStudioVersion = 10.0.40219.1
Project("{9A19103F-16F7-4668-BE54-9A1E7A4F7556}") = "Slumpatlista2", "Slumpatlista2.csproj", "{5EF18A56-44F1-416D-9263-D7D521EBE1C6}"
EndProject
Global
	GlobalSection(SolutionConfigurationPlatforms) = preSolution
		Debug|Any CPU = Debug|Any CPU
		Release|Any CPU = Release|Any CPU
	EndGlobalSection
	GlobalSection(ProjectConfigurationPlatforms) = postSolution
		{5EF18A56-44F1-416D-9263-D7D521EBE1C6}.Debug|Any CPU.ActiveCfg = Debug|Any CPU
		{5EF18A56-44F1-416D-9263-D7D521EBE1C6}.Debug|Any CPU.Build.0 = Debug|Any CPU
		{5EF18A56-44F1-416D-9263-D7D521EBE1C6}.Release|Any CPU.ActiveCfg = Release|Any CPU
		{5EF18A56-44F1-416D-9263-D7D521EBE1C6}.Release|Any CPU.Build.0 = Release|Any CPU
	EndGlobalSection
	GlobalSection(SolutionProperties) = preSolution
		HideSolutionNode = FALSE
	EndGlobalSection
	GlobalSection(ExtensibilityGlobals) = postSolution
		SolutionGuid = {DFA832FC-E0C5-40FC-BC7A-0FC4C6ECB552}
	EndGlobalSection
EndGlobal
