
Microsoft Visual Studio Solution File, Format Version 12.00
# Visual Studio Version 17
VisualStudioVersion = 17.5.002.0
MinimumVisualStudioVersion = 10.0.40219.1
Project("{9A19103F-16F7-4668-BE54-9A1E7A4F7556}") = "Prov2K", "Prov2K.csproj", "{01BF0964-084D-4607-8719-DC315CEE9935}"
EndProject
Global
	GlobalSection(SolutionConfigurationPlatforms) = preSolution
		Debug|Any CPU = Debug|Any CPU
		Release|Any CPU = Release|Any CPU
	EndGlobalSection
	GlobalSection(ProjectConfigurationPlatforms) = postSolution
		{01BF0964-084D-4607-8719-DC315CEE9935}.Debug|Any CPU.ActiveCfg = Debug|Any CPU
		{01BF0964-084D-4607-8719-DC315CEE9935}.Debug|Any CPU.Build.0 = Debug|Any CPU
		{01BF0964-084D-4607-8719-DC315CEE9935}.Release|Any CPU.ActiveCfg = Release|Any CPU
		{01BF0964-084D-4607-8719-DC315CEE9935}.Release|Any CPU.Build.0 = Release|Any CPU
	EndGlobalSection
	GlobalSection(SolutionProperties) = preSolution
		HideSolutionNode = FALSE
	EndGlobalSection
	GlobalSection(ExtensibilityGlobals) = postSolution
		SolutionGuid = {3438D6B8-FEDB-47EE-9C0C-EFDDC6C21813}
	EndGlobalSection
EndGlobal
